
Microsoft Visual Studio Solution File, Format Version 12.00
# Visual Studio 14
VisualStudioVersion = 14.0.24720.0
MinimumVisualStudioVersion = 10.0.40219.1
Project("{FAE04EC0-301F-11D3-BF4B-00C04F79EFBC}") = "מבחן בחשבון", "מבחן בחשבון\מבחן בחשבון.csproj", "{508449E8-A0CB-4049-96D4-23C058B5FCF9}"
EndProject
Project("{FAE04EC0-301F-11D3-BF4B-00C04F79EFBC}") = "WindowsFormsApplication1", "WindowsFormsApplication1\WindowsFormsApplication1.csproj", "{9203E2BE-2D82-4641-A336-B091A1FE6E19}"
EndProject
Project("{FAE04EC0-301F-11D3-BF4B-00C04F79EFBC}") = "WindowsFormsApplication2", "WindowsFormsApplication2\WindowsFormsApplication2.csproj", "{C0E4B752-57AA-4D46-A955-8E209923233B}"
EndProject
Global
	GlobalSection(SolutionConfigurationPlatforms) = preSolution
		Debug|Any CPU = Debug|Any CPU
		Release|Any CPU = Release|Any CPU
	EndGlobalSection
	GlobalSection(ProjectConfigurationPlatforms) = postSolution
		{508449E8-A0CB-4049-96D4-23C058B5FCF9}.Debug|Any CPU.ActiveCfg = Debug|Any CPU
		{508449E8-A0CB-4049-96D4-23C058B5FCF9}.Debug|Any CPU.Build.0 = Debug|Any CPU
		{508449E8-A0CB-4049-96D4-23C058B5FCF9}.Release|Any CPU.ActiveCfg = Release|Any CPU
		{508449E8-A0CB-4049-96D4-23C058B5FCF9}.Release|Any CPU.Build.0 = Release|Any CPU
		{9203E2BE-2D82-4641-A336-B091A1FE6E19}.Debug|Any CPU.ActiveCfg = Debug|Any CPU
		{9203E2BE-2D82-4641-A336-B091A1FE6E19}.Debug|Any CPU.Build.0 = Debug|Any CPU
		{9203E2BE-2D82-4641-A336-B091A1FE6E19}.Release|Any CPU.ActiveCfg = Release|Any CPU
		{9203E2BE-2D82-4641-A336-B091A1FE6E19}.Release|Any CPU.Build.0 = Release|Any CPU
		{C0E4B752-57AA-4D46-A955-8E209923233B}.Debug|Any CPU.ActiveCfg = Debug|Any CPU
		{C0E4B752-57AA-4D46-A955-8E209923233B}.Debug|Any CPU.Build.0 = Debug|Any CPU
		{C0E4B752-57AA-4D46-A955-8E209923233B}.Release|Any CPU.ActiveCfg = Release|Any CPU
		{C0E4B752-57AA-4D46-A955-8E209923233B}.Release|Any CPU.Build.0 = Release|Any CPU
	EndGlobalSection
	GlobalSection(SolutionProperties) = preSolution
		HideSolutionNode = FALSE
	EndGlobalSection
EndGlobal
